
Microsoft Visual Studio Solution File, Format Version 12.00
# Visual Studio Version 16
VisualStudioVersion = 16.0.29926.136
MinimumVisualStudioVersion = 10.0.40219.1
Project("{FAE04EC0-301F-11D3-BF4B-00C04F79EFBC}") = "ConsoleApp", "ConsoleApp.csproj", "{DFCF255D-40A6-45A1-A97F-8F8DCB168FD2}"
EndProject
Global
	GlobalSection(SolutionConfigurationPlatforms) = preSolution
		Debug|Any CPU = Debug|Any CPU
		Release|Any CPU = Release|Any CPU
	EndGlobalSection
	GlobalSection(ProjectConfigurationPlatforms) = postSolution
		{DFCF255D-40A6-45A1-A97F-8F8DCB168FD2}.Debug|Any CPU.ActiveCfg = Debug|Any CPU
		{DFCF255D-40A6-45A1-A97F-8F8DCB168FD2}.Debug|Any CPU.Build.0 = Debug|Any CPU
		{DFCF255D-40A6-45A1-A97F-8F8DCB168FD2}.Release|Any CPU.ActiveCfg = Release|Any CPU
		{DFCF255D-40A6-45A1-A97F-8F8DCB168FD2}.Release|Any CPU.Build.0 = Release|Any CPU
	EndGlobalSection
	GlobalSection(SolutionProperties) = preSolution
		HideSolutionNode = FALSE
	EndGlobalSection
	GlobalSection(ExtensibilityGlobals) = postSolution
		SolutionGuid = {8717F4BB-796C-4202-8011-C41E394CBE59}
	EndGlobalSection
EndGlobal
